
Microsoft Visual Studio Solution File, Format Version 12.00
# Visual Studio Version 17
VisualStudioVersion = 17.8.34525.116
MinimumVisualStudioVersion = 10.0.40219.1
Project("{FAE04EC0-301F-11D3-BF4B-00C04F79EFBC}") = "Lesson8", "Lesson8\Lesson8.csproj", "{8F9820DE-5A6F-4B15-A8D8-44B9E4F751CB}"
EndProject
Global
	GlobalSection(SolutionConfigurationPlatforms) = preSolution
		Debug|Any CPU = Debug|Any CPU
		Release|Any CPU = Release|Any CPU
	EndGlobalSection
	GlobalSection(ProjectConfigurationPlatforms) = postSolution
		{8F9820DE-5A6F-4B15-A8D8-44B9E4F751CB}.Debug|Any CPU.ActiveCfg = Debug|Any CPU
		{8F9820DE-5A6F-4B15-A8D8-44B9E4F751CB}.Debug|Any CPU.Build.0 = Debug|Any CPU
		{8F9820DE-5A6F-4B15-A8D8-44B9E4F751CB}.Release|Any CPU.ActiveCfg = Release|Any CPU
		{8F9820DE-5A6F-4B15-A8D8-44B9E4F751CB}.Release|Any CPU.Build.0 = Release|Any CPU
	EndGlobalSection
	GlobalSection(SolutionProperties) = preSolution
		HideSolutionNode = FALSE
	EndGlobalSection
	GlobalSection(ExtensibilityGlobals) = postSolution
		SolutionGuid = {86C22A18-FB9C-47EC-81DF-16B9AABAC88C}
	EndGlobalSection
EndGlobal
