
Microsoft Visual Studio Solution File, Format Version 12.00
# Visual Studio Version 17
VisualStudioVersion = 17.8.34525.116
MinimumVisualStudioVersion = 10.0.40219.1
Project("{9A19103F-16F7-4668-BE54-9A1E7A4F7556}") = "Lesson6", "Lesson6\Lesson6.csproj", "{53B1FB76-4697-4E76-8E86-391D6F940660}"
EndProject
Project("{9A19103F-16F7-4668-BE54-9A1E7A4F7556}") = "Lesson6 Test", "Lesson6 Test\Lesson6 Test.csproj", "{C76B335D-BE3F-4579-AA3C-0955FF729F36}"
EndProject
Global
	GlobalSection(SolutionConfigurationPlatforms) = preSolution
		Debug|Any CPU = Debug|Any CPU
		Release|Any CPU = Release|Any CPU
	EndGlobalSection
	GlobalSection(ProjectConfigurationPlatforms) = postSolution
		{53B1FB76-4697-4E76-8E86-391D6F940660}.Debug|Any CPU.ActiveCfg = Debug|Any CPU
		{53B1FB76-4697-4E76-8E86-391D6F940660}.Debug|Any CPU.Build.0 = Debug|Any CPU
		{53B1FB76-4697-4E76-8E86-391D6F940660}.Release|Any CPU.ActiveCfg = Release|Any CPU
		{53B1FB76-4697-4E76-8E86-391D6F940660}.Release|Any CPU.Build.0 = Release|Any CPU
		{C76B335D-BE3F-4579-AA3C-0955FF729F36}.Debug|Any CPU.ActiveCfg = Debug|Any CPU
		{C76B335D-BE3F-4579-AA3C-0955FF729F36}.Debug|Any CPU.Build.0 = Debug|Any CPU
		{C76B335D-BE3F-4579-AA3C-0955FF729F36}.Release|Any CPU.ActiveCfg = Release|Any CPU
		{C76B335D-BE3F-4579-AA3C-0955FF729F36}.Release|Any CPU.Build.0 = Release|Any CPU
	EndGlobalSection
	GlobalSection(SolutionProperties) = preSolution
		HideSolutionNode = FALSE
	EndGlobalSection
	GlobalSection(ExtensibilityGlobals) = postSolution
		SolutionGuid = {8FDB9198-5066-4661-A6F7-D5B1C1290260}
	EndGlobalSection
EndGlobal
