
Microsoft Visual Studio Solution File, Format Version 12.00
# Visual Studio Version 17
VisualStudioVersion = 17.8.34525.116
MinimumVisualStudioVersion = 10.0.40219.1
Project("{FAE04EC0-301F-11D3-BF4B-00C04F79EFBC}") = "Lesson12 (async)", "Lesson12 (async)\Lesson12 (async).csproj", "{DCF6BE8E-73A9-4C99-B4DD-06C004AFA61C}"
EndProject
Global
	GlobalSection(SolutionConfigurationPlatforms) = preSolution
		Debug|Any CPU = Debug|Any CPU
		Release|Any CPU = Release|Any CPU
	EndGlobalSection
	GlobalSection(ProjectConfigurationPlatforms) = postSolution
		{DCF6BE8E-73A9-4C99-B4DD-06C004AFA61C}.Debug|Any CPU.ActiveCfg = Debug|Any CPU
		{DCF6BE8E-73A9-4C99-B4DD-06C004AFA61C}.Debug|Any CPU.Build.0 = Debug|Any CPU
		{DCF6BE8E-73A9-4C99-B4DD-06C004AFA61C}.Release|Any CPU.ActiveCfg = Release|Any CPU
		{DCF6BE8E-73A9-4C99-B4DD-06C004AFA61C}.Release|Any CPU.Build.0 = Release|Any CPU
	EndGlobalSection
	GlobalSection(SolutionProperties) = preSolution
		HideSolutionNode = FALSE
	EndGlobalSection
	GlobalSection(ExtensibilityGlobals) = postSolution
		SolutionGuid = {8FA81263-4689-4B8B-8BB1-06AD607FD16C}
	EndGlobalSection
EndGlobal
